// !$*UTF8*$!
{
	archiveVersion = 1;
	classes = {
	};
	objectVersion = 50;
	objects = {

/* Begin PBXBuildFile section */
		832D41AC210D3BCC00B3187F /* MemeCollectionViewController.swift in Sources */ = {isa = PBXBuildFile; fileRef = 832D41AB210D3BCC00B3187F /* MemeCollectionViewController.swift */; };
		832D41AE210E320200B3187F /* MemeContainerController.swift in Sources */ = {isa = PBXBuildFile; fileRef = 832D41AD210E320200B3187F /* MemeContainerController.swift */; };
		832D41B0210E34B900B3187F /* MemeTableViewController.swift in Sources */ = {isa = PBXBuildFile; fileRef = 832D41AF210E34B900B3187F /* MemeTableViewController.swift */; };
		832D41B2210E3A2D00B3187F /* MemeTableViewCell.swift in Sources */ = {isa = PBXBuildFile; fileRef = 832D41B1210E3A2D00B3187F /* MemeTableViewCell.swift */; };
		832D41B5210E6FE900B3187F /* meme2.jpg in Resources */ = {isa = PBXBuildFile; fileRef = 832D41B4210E6FE900B3187F /* meme2.jpg */; };
		832D41B7210E6FEF00B3187F /* meme1.jpg in Resources */ = {isa = PBXBuildFile; fileRef = 832D41B6210E6FEF00B3187F /* meme1.jpg */; };
		83DC0944210CCD2900368BD5 /* AppDelegate.swift in Sources */ = {isa = PBXBuildFile; fileRef = 83DC0943210CCD2900368BD5 /* AppDelegate.swift */; };
		83DC0946210CCD2900368BD5 /* CreateMemeViewController.swift in Sources */ = {isa = PBXBuildFile; fileRef = 83DC0945210CCD2900368BD5 /* CreateMemeViewController.swift */; };
		83DC0949210CCD2900368BD5 /* Main.storyboard in Resources */ = {isa = PBXBuildFile; fileRef = 83DC0947210CCD2900368BD5 /* Main.storyboard */; };
		83DC094B210CCD2A00368BD5 /* Assets.xcassets in Resources */ = {isa = PBXBuildFile; fileRef = 83DC094A210CCD2A00368BD5 /* Assets.xcassets */; };
		83DC094E210CCD2A00368BD5 /* LaunchScreen.storyboard in Resources */ = {isa = PBXBuildFile; fileRef = 83DC094C210CCD2A00368BD5 /* LaunchScreen.storyboard */; };
		83DC0956210CCDCB00368BD5 /* Meme.swift in Sources */ = {isa = PBXBuildFile; fileRef = 83DC0955210CCDCB00368BD5 /* Meme.swift */; };
		83DC0958210CD61B00368BD5 /* MemeTextFieldDelegate.swift in Sources */ = {isa = PBXBuildFile; fileRef = 83DC0957210CD61B00368BD5 /* MemeTextFieldDelegate.swift */; };
		83DC095A210CE1CC00368BD5 /* MemeCollectionCell.swift in Sources */ = {isa = PBXBuildFile; fileRef = 83DC0959210CE1CC00368BD5 /* MemeCollectionCell.swift */; };
		83DC095D210CE21300368BD5 /* impact.ttf in Resources */ = {isa = PBXBuildFile; fileRef = 83DC095C210CE21300368BD5 /* impact.ttf */; };
/* End PBXBuildFile section */

/* Begin PBXFileReference section */
		832D41AB210D3BCC00B3187F /* MemeCollectionViewController.swift */ = {isa = PBXFileReference; lastKnownFileType = sourcecode.swift; path = MemeCollectionViewController.swift; sourceTree = "<group>"; };
		832D41AD210E320200B3187F /* MemeContainerController.swift */ = {isa = PBXFileReference; lastKnownFileType = sourcecode.swift; path = MemeContainerController.swift; sourceTree = "<group>"; };
		832D41AF210E34B900B3187F /* MemeTableViewController.swift */ = {isa = PBXFileReference; lastKnownFileType = sourcecode.swift; path = MemeTableViewController.swift; sourceTree = "<group>"; };
		832D41B1210E3A2D00B3187F /* MemeTableViewCell.swift */ = {isa = PBXFileReference; lastKnownFileType = sourcecode.swift; path = MemeTableViewCell.swift; sourceTree = "<group>"; };
		832D41B4210E6FE900B3187F /* meme2.jpg */ = {isa = PBXFileReference; lastKnownFileType = image.jpeg; path = meme2.jpg; sourceTree = "<group>"; };
		832D41B6210E6FEF00B3187F /* meme1.jpg */ = {isa = PBXFileReference; lastKnownFileType = image.jpeg; path = meme1.jpg; sourceTree = "<group>"; };
		83DC0940210CCD2900368BD5 /* MemeMe2.0Project.app */ = {isa = PBXFileReference; explicitFileType = wrapper.application; includeInIndex = 0; path = MemeMe2.0Project.app; sourceTree = BUILT_PRODUCTS_DIR; };
		83DC0943210CCD2900368BD5 /* AppDelegate.swift */ = {isa = PBXFileReference; lastKnownFileType = sourcecode.swift; path = AppDelegate.swift; sourceTree = "<group>"; };
		83DC0945210CCD2900368BD5 /* CreateMemeViewController.swift */ = {isa = PBXFileReference; lastKnownFileType = sourcecode.swift; path = CreateMemeViewController.swift; sourceTree = "<group>"; };
		83DC0948210CCD2900368BD5 /* Base */ = {isa = PBXFileReference; lastKnownFileType = file.storyboard; name = Base; path = Base.lproj/Main.storyboard; sourceTree = "<group>"; };
		83DC094A210CCD2A00368BD5 /* Assets.xcassets */ = {isa = PBXFileReference; lastKnownFileType = folder.assetcatalog; path = Assets.xcassets; sourceTree = "<group>"; };
		83DC094D210CCD2A00368BD5 /* Base */ = {isa = PBXFileReference; lastKnownFileType = file.storyboard; name = Base; path = Base.lproj/LaunchScreen.storyboard; sourceTree = "<group>"; };
		83DC094F210CCD2A00368BD5 /* Info.plist */ = {isa = PBXFileReference; lastKnownFileType = text.plist.xml; path = Info.plist; sourceTree = "<group>"; };
		83DC0955210CCDCB00368BD5 /* Meme.swift */ = {isa = PBXFileReference; lastKnownFileType = sourcecode.swift; path = Meme.swift; sourceTree = "<group>"; };
		83DC0957210CD61B00368BD5 /* MemeTextFieldDelegate.swift */ = {isa = PBXFileReference; lastKnownFileType = sourcecode.swift; path = MemeTextFieldDelegate.swift; sourceTree = "<group>"; };
		83DC0959210CE1CC00368BD5 /* MemeCollectionCell.swift */ = {isa = PBXFileReference; lastKnownFileType = sourcecode.swift; path = MemeCollectionCell.swift; sourceTree = "<group>"; };
		83DC095C210CE21300368BD5 /* impact.ttf */ = {isa = PBXFileReference; lastKnownFileType = file; path = impact.ttf; sourceTree = "<group>"; };
/* End PBXFileReference section */

/* Begin PBXFrameworksBuildPhase section */
		83DC093D210CCD2900368BD5 /* Frameworks */ = {
			isa = PBXFrameworksBuildPhase;
			buildActionMask = 2147483647;
			files = (
			);
			runOnlyForDeploymentPostprocessing = 0;
		};
/* End PBXFrameworksBuildPhase section */

/* Begin PBXGroup section */
		832D41B3210E6FDD00B3187F /* IncludedMemes */ = {
			isa = PBXGroup;
			children = (
				832D41B6210E6FEF00B3187F /* meme1.jpg */,
				832D41B4210E6FE900B3187F /* meme2.jpg */,
			);
			path = IncludedMemes;
			sourceTree = "<group>";
		};
		83DC0937210CCD2900368BD5 = {
			isa = PBXGroup;
			children = (
				83DC0942210CCD2900368BD5 /* MemeMe2.0Project */,
				83DC0941210CCD2900368BD5 /* Products */,
			);
			sourceTree = "<group>";
		};
		83DC0941210CCD2900368BD5 /* Products */ = {
			isa = PBXGroup;
			children = (
				83DC0940210CCD2900368BD5 /* MemeMe2.0Project.app */,
			);
			name = Products;
			sourceTree = "<group>";
		};
		83DC0942210CCD2900368BD5 /* MemeMe2.0Project */ = {
			isa = PBXGroup;
			children = (
				832D41B3210E6FDD00B3187F /* IncludedMemes */,
				83DC0955210CCDCB00368BD5 /* Meme.swift */,
				83DC0943210CCD2900368BD5 /* AppDelegate.swift */,
				832D41AD210E320200B3187F /* MemeContainerController.swift */,
				83DC0945210CCD2900368BD5 /* CreateMemeViewController.swift */,
				83DC0957210CD61B00368BD5 /* MemeTextFieldDelegate.swift */,
				832D41AB210D3BCC00B3187F /* MemeCollectionViewController.swift */,
				83DC0959210CE1CC00368BD5 /* MemeCollectionCell.swift */,
				832D41AF210E34B900B3187F /* MemeTableViewController.swift */,
				832D41B1210E3A2D00B3187F /* MemeTableViewCell.swift */,
				83DC0947210CCD2900368BD5 /* Main.storyboard */,
				83DC094A210CCD2A00368BD5 /* Assets.xcassets */,
				83DC094C210CCD2A00368BD5 /* LaunchScreen.storyboard */,
				83DC094F210CCD2A00368BD5 /* Info.plist */,
				83DC095B210CE20700368BD5 /* Fonts */,
			);
			path = MemeMe2.0Project;
			sourceTree = "<group>";
		};
		83DC095B210CE20700368BD5 /* Fonts */ = {
			isa = PBXGroup;
			children = (
				83DC095C210CE21300368BD5 /* impact.ttf */,
			);
			path = Fonts;
			sourceTree = "<group>";
		};
/* End PBXGroup section */

/* Begin PBXNativeTarget section */
		83DC093F210CCD2900368BD5 /* MemeMe2.0Project */ = {
			isa = PBXNativeTarget;
			buildConfigurationList = 83DC0952210CCD2A00368BD5 /* Build configuration list for PBXNativeTarget "MemeMe2.0Project" */;
			buildPhases = (
				83DC093C210CCD2900368BD5 /* Sources */,
				83DC093D210CCD2900368BD5 /* Frameworks */,
				83DC093E210CCD2900368BD5 /* Resources */,
			);
			buildRules = (
			);
			dependencies = (
			);
			name = MemeMe2.0Project;
			productName = MemeMe2.0Project;
			productReference = 83DC0940210CCD2900368BD5 /* MemeMe2.0Project.app */;
			productType = "com.apple.product-type.application";
		};
/* End PBXNativeTarget section */

/* Begin PBXProject section */
		83DC0938210CCD2900368BD5 /* Project object */ = {
			isa = PBXProject;
			attributes = {
				LastSwiftUpdateCheck = 0940;
				LastUpgradeCheck = 0940;
				ORGANIZATIONNAME = "Sean Conrad";
				TargetAttributes = {
					83DC093F210CCD2900368BD5 = {
						CreatedOnToolsVersion = 9.4.1;
					};
				};
			};
			buildConfigurationList = 83DC093B210CCD2900368BD5 /* Build configuration list for PBXProject "MemeMe2.0Project" */;
			compatibilityVersion = "Xcode 9.3";
			developmentRegion = en;
			hasScannedForEncodings = 0;
			knownRegions = (
				en,
				Base,
			);
			mainGroup = 83DC0937210CCD2900368BD5;
			productRefGroup = 83DC0941210CCD2900368BD5 /* Products */;
			projectDirPath = "";
			projectRoot = "";
			targets = (
				83DC093F210CCD2900368BD5 /* MemeMe2.0Project */,
			);
		};
/* End PBXProject section */

/* Begin PBXResourcesBuildPhase section */
		83DC093E210CCD2900368BD5 /* Resources */ = {
			isa = PBXResourcesBuildPhase;
			buildActionMask = 2147483647;
			files = (
				83DC095D210CE21300368BD5 /* impact.ttf in Resources */,
				832D41B5210E6FE900B3187F /* meme2.jpg in Resources */,
				832D41B7210E6FEF00B3187F /* meme1.jpg in Resources */,
				83DC094E210CCD2A00368BD5 /* LaunchScreen.storyboard in Resources */,
				83DC094B210CCD2A00368BD5 /* Assets.xcassets in Resources */,
				83DC0949210CCD2900368BD5 /* Main.storyboard in Resources */,
			);
			runOnlyForDeploymentPostprocessing = 0;
		};
/* End PBXResourcesBuildPhase section */

/* Begin PBXSourcesBuildPhase section */
		83DC093C210CCD2900368BD5 /* Sources */ = {
			isa = PBXSourcesBuildPhase;
			buildActionMask = 2147483647;
			files = (
				83DC0956210CCDCB00368BD5 /* Meme.swift in Sources */,
				83DC095A210CE1CC00368BD5 /* MemeCollectionCell.swift in Sources */,
				832D41AE210E320200B3187F /* MemeContainerController.swift in Sources */,
				832D41B0210E34B900B3187F /* MemeTableViewController.swift in Sources */,
				83DC0946210CCD2900368BD5 /* CreateMemeViewController.swift in Sources */,
				83DC0958210CD61B00368BD5 /* MemeTextFieldDelegate.swift in Sources */,
				832D41B2210E3A2D00B3187F /* MemeTableViewCell.swift in Sources */,
				832D41AC210D3BCC00B3187F /* MemeCollectionViewController.swift in Sources */,
				83DC0944210CCD2900368BD5 /* AppDelegate.swift in Sources */,
			);
			runOnlyForDeploymentPostprocessing = 0;
		};
/* End PBXSourcesBuildPhase section */

/* Begin PBXVariantGroup section */
		83DC0947210CCD2900368BD5 /* Main.storyboard */ = {
			isa = PBXVariantGroup;
			children = (
				83DC0948210CCD2900368BD5 /* Base */,
			);
			name = Main.storyboard;
			sourceTree = "<group>";
		};
		83DC094C210CCD2A00368BD5 /* LaunchScreen.storyboard */ = {
			isa = PBXVariantGroup;
			children = (
				83DC094D210CCD2A00368BD5 /* Base */,
			);
			name = LaunchScreen.storyboard;
			sourceTree = "<group>";
		};
/* End PBXVariantGroup section */

/* Begin XCBuildConfiguration section */
		83DC0950210CCD2A00368BD5 /* Debug */ = {
			isa = XCBuildConfiguration;
			buildSettings = {
				ALWAYS_SEARCH_USER_PATHS = NO;
				CLANG_ANALYZER_NONNULL = YES;
				CLANG_ANALYZER_NUMBER_OBJECT_CONVERSION = YES_AGGRESSIVE;
				CLANG_CXX_LANGUAGE_STANDARD = "gnu++14";
				CLANG_CXX_LIBRARY = "libc++";
				CLANG_ENABLE_MODULES = YES;
				CLANG_ENABLE_OBJC_ARC = YES;
				CLANG_ENABLE_OBJC_WEAK = YES;
				CLANG_WARN_BLOCK_CAPTURE_AUTORELEASING = YES;
				CLANG_WARN_BOOL_CONVERSION = YES;
				CLANG_WARN_COMMA = YES;
				CLANG_WARN_CONSTANT_CONVERSION = YES;
				CLANG_WARN_DEPRECATED_OBJC_IMPLEMENTATIONS = YES;
				CLANG_WARN_DIRECT_OBJC_ISA_USAGE = YES_ERROR;
				CLANG_WARN_DOCUMENTATION_COMMENTS = YES;
				CLANG_WARN_EMPTY_BODY = YES;
				CLANG_WARN_ENUM_CONVERSION = YES;
				CLANG_WARN_INFINITE_RECURSION = YES;
				CLANG_WARN_INT_CONVERSION = YES;
				CLANG_WARN_NON_LITERAL_NULL_CONVERSION = YES;
				CLANG_WARN_OBJC_IMPLICIT_RETAIN_SELF = YES;
				CLANG_WARN_OBJC_LITERAL_CONVERSION = YES;
				CLANG_WARN_OBJC_ROOT_CLASS = YES_ERROR;
				CLANG_WARN_RANGE_LOOP_ANALYSIS = YES;
				CLANG_WARN_STRICT_PROTOTYPES = YES;
				CLANG_WARN_SUSPICIOUS_MOVE = YES;
				CLANG_WARN_UNGUARDED_AVAILABILITY = YES_AGGRESSIVE;
				CLANG_WARN_UNREACHABLE_CODE = YES;
				CLANG_WARN__DUPLICATE_METHOD_MATCH = YES;
				CODE_SIGN_IDENTITY = "iPhone Developer";
				COPY_PHASE_STRIP = NO;
				DEBUG_INFORMATION_FORMAT = dwarf;
				ENABLE_STRICT_OBJC_MSGSEND = YES;
				ENABLE_TESTABILITY = YES;
				GCC_C_LANGUAGE_STANDARD = gnu11;
				GCC_DYNAMIC_NO_PIC = NO;
				GCC_NO_COMMON_BLOCKS = YES;
				GCC_OPTIMIZATION_LEVEL = 0;
				GCC_PREPROCESSOR_DEFINITIONS = (
					"DEBUG=1",
					"$(inherited)",
				);
				GCC_WARN_64_TO_32_BIT_CONVERSION = YES;
				GCC_WARN_ABOUT_RETURN_TYPE = YES_ERROR;
				GCC_WARN_UNDECLARED_SELECTOR = YES;
				GCC_WARN_UNINITIALIZED_AUTOS = YES_AGGRESSIVE;
				GCC_WARN_UNUSED_FUNCTION = YES;
				GCC_WARN_UNUSED_VARIABLE = YES;
				IPHONEOS_DEPLOYMENT_TARGET = 11.4;
				MTL_ENABLE_DEBUG_INFO = YES;
				ONLY_ACTIVE_ARCH = YES;
				SDKROOT = iphoneos;
				SWIFT_ACTIVE_COMPILATION_CONDITIONS = DEBUG;
				SWIFT_OPTIMIZATION_LEVEL = "-Onone";
			};
			name = Debug;
		};
		83DC0951210CCD2A00368BD5 /* Release */ = {
			isa = XCBuildConfiguration;
			buildSettings = {
				ALWAYS_SEARCH_USER_PATHS = NO;
				CLANG_ANALYZER_NONNULL = YES;
				CLANG_ANALYZER_NUMBER_OBJECT_CONVERSION = YES_AGGRESSIVE;
				CLANG_CXX_LANGUAGE_STANDARD = "gnu++14";
				CLANG_CXX_LIBRARY = "libc++";
				CLANG_ENABLE_MODULES = YES;
				CLANG_ENABLE_OBJC_ARC = YES;
				CLANG_ENABLE_OBJC_WEAK = YES;
				CLANG_WARN_BLOCK_CAPTURE_AUTORELEASING = YES;
				CLANG_WARN_BOOL_CONVERSION = YES;
				CLANG_WARN_COMMA = YES;
				CLANG_WARN_CONSTANT_CONVERSION = YES;
				CLANG_WARN_DEPRECATED_OBJC_IMPLEMENTATIONS = YES;
				CLANG_WARN_DIRECT_OBJC_ISA_USAGE = YES_ERROR;
				CLANG_WARN_DOCUMENTATION_COMMENTS = YES;
				CLANG_WARN_EMPTY_BODY = YES;
				CLANG_WARN_ENUM_CONVERSION = YES;
				CLANG_WARN_INFINITE_RECURSION = YES;
				CLANG_WARN_INT_CONVERSION = YES;
				CLANG_WARN_NON_LITERAL_NULL_CONVERSION = YES;
				CLANG_WARN_OBJC_IMPLICIT_RETAIN_SELF = YES;
				CLANG_WARN_OBJC_LITERAL_CONVERSION = YES;
				CLANG_WARN_OBJC_ROOT_CLASS = YES_ERROR;
				CLANG_WARN_RANGE_LOOP_ANALYSIS = YES;
				CLANG_WARN_STRICT_PROTOTYPES = YES;
				CLANG_WARN_SUSPICIOUS_MOVE = YES;
				CLANG_WARN_UNGUARDED_AVAILABILITY = YES_AGGRESSIVE;
				CLANG_WARN_UNREACHABLE_CODE = YES;
				CLANG_WARN__DUPLICATE_METHOD_MATCH = YES;
				CODE_SIGN_IDENTITY = "iPhone Developer";
				COPY_PHASE_STRIP = NO;
				DEBUG_INFORMATION_FORMAT = "dwarf-with-dsym";
				ENABLE_NS_ASSERTIONS = NO;
				ENABLE_STRICT_OBJC_MSGSEND = YES;
				GCC_C_LANGUAGE_STANDARD = gnu11;
				GCC_NO_COMMON_BLOCKS = YES;
				GCC_WARN_64_TO_32_BIT_CONVERSION = YES;
				GCC_WARN_ABOUT_RETURN_TYPE = YES_ERROR;
				GCC_WARN_UNDECLARED_SELECTOR = YES;
				GCC_WARN_UNINITIALIZED_AUTOS = YES_AGGRESSIVE;
				GCC_WARN_UNUSED_FUNCTION = YES;
				GCC_WARN_UNUSED_VARIABLE = YES;
				IPHONEOS_DEPLOYMENT_TARGET = 11.4;
				MTL_ENABLE_DEBUG_INFO = NO;
				SDKROOT = iphoneos;
				SWIFT_COMPILATION_MODE = wholemodule;
				SWIFT_OPTIMIZATION_LEVEL = "-O";
				VALIDATE_PRODUCT = YES;
			};
			name = Release;
		};
		83DC0953210CCD2A00368BD5 /* Debug */ = {
			isa = XCBuildConfiguration;
			buildSettings = {
				ASSETCATALOG_COMPILER_APPICON_NAME = AppIcon;
				CODE_SIGN_STYLE = Automatic;
				DEVELOPMENT_TEAM = J4D56E3HNB;
				INFOPLIST_FILE = MemeMe2.0Project/Info.plist;
				LD_RUNPATH_SEARCH_PATHS = (
					"$(inherited)",
					"@executable_path/Frameworks",
				);
				PRODUCT_BUNDLE_IDENTIFIER = "com.seanconrad.MemeMe2-0Project";
				PRODUCT_NAME = "$(TARGET_NAME)";
				SWIFT_VERSION = 4.0;
				TARGETED_DEVICE_FAMILY = "1,2";
			};
			name = Debug;
		};
		83DC0954210CCD2A00368BD5 /* Release */ = {
			isa = XCBuildConfiguration;
			buildSettings = {
				ASSETCATALOG_COMPILER_APPICON_NAME = AppIcon;
				CODE_SIGN_STYLE = Automatic;
				DEVELOPMENT_TEAM = J4D56E3HNB;
				INFOPLIST_FILE = MemeMe2.0Project/Info.plist;
				LD_RUNPATH_SEARCH_PATHS = (
					"$(inherited)",
					"@executable_path/Frameworks",
				);
				PRODUCT_BUNDLE_IDENTIFIER = "com.seanconrad.MemeMe2-0Project";
				PRODUCT_NAME = "$(TARGET_NAME)";
				SWIFT_VERSION = 4.0;
				TARGETED_DEVICE_FAMILY = "1,2";
			};
			name = Release;
		};
/* End XCBuildConfiguration section */

/* Begin XCConfigurationList section */
		83DC093B210CCD2900368BD5 /* Build configuration list for PBXProject "MemeMe2.0Project" */ = {
			isa = XCConfigurationList;
			buildConfigurations = (
				83DC0950210CCD2A00368BD5 /* Debug */,
				83DC0951210CCD2A00368BD5 /* Release */,
			);
			defaultConfigurationIsVisible = 0;
			defaultConfigurationName = Release;
		};
		83DC0952210CCD2A00368BD5 /* Build configuration list for PBXNativeTarget "MemeMe2.0Project" */ = {
			isa = XCConfigurationList;
			buildConfigurations = (
				83DC0953210CCD2A00368BD5 /* Debug */,
				83DC0954210CCD2A00368BD5 /* Release */,
			);
			defaultConfigurationIsVisible = 0;
			defaultConfigurationName = Release;
		};
/* End XCConfigurationList section */
	};
	rootObject = 83DC0938210CCD2900368BD5 /* Project object */;
}
